
Microsoft Visual Studio Solution File, Format Version 12.00
# Visual Studio Version 16
VisualStudioVersion = 16.0.30517.126
MinimumVisualStudioVersion = 10.0.40219.1
Project("{9A19103F-16F7-4668-BE54-9A1E7A4F7556}") = "MUCONet", "MUCONet\MUCONet.csproj", "{2FB91688-ACEC-48A4-9300-0668DE7BEA9D}"
EndProject
Project("{9A19103F-16F7-4668-BE54-9A1E7A4F7556}") = "Client", "Client\Client.csproj", "{8C95E331-1030-4BF9-84FA-A9A8FB33AEE5}"
	ProjectSection(ProjectDependencies) = postProject
		{2FB91688-ACEC-48A4-9300-0668DE7BEA9D} = {2FB91688-ACEC-48A4-9300-0668DE7BEA9D}
	EndProjectSection
EndProject
Project("{9A19103F-16F7-4668-BE54-9A1E7A4F7556}") = "Server", "Server\Server.csproj", "{3419EA22-53B3-4E5A-9253-741620FF0EEA}"
	ProjectSection(ProjectDependencies) = postProject
		{8C95E331-1030-4BF9-84FA-A9A8FB33AEE5} = {8C95E331-1030-4BF9-84FA-A9A8FB33AEE5}
	EndProjectSection
EndProject
Global
	GlobalSection(SolutionConfigurationPlatforms) = preSolution
		Debug|Any CPU = Debug|Any CPU
		Release|Any CPU = Release|Any CPU
	EndGlobalSection
	GlobalSection(ProjectConfigurationPlatforms) = postSolution
		{2FB91688-ACEC-48A4-9300-0668DE7BEA9D}.Debug|Any CPU.ActiveCfg = Debug|Any CPU
		{2FB91688-ACEC-48A4-9300-0668DE7BEA9D}.Debug|Any CPU.Build.0 = Debug|Any CPU
		{2FB91688-ACEC-48A4-9300-0668DE7BEA9D}.Release|Any CPU.ActiveCfg = Release|Any CPU
		{2FB91688-ACEC-48A4-9300-0668DE7BEA9D}.Release|Any CPU.Build.0 = Release|Any CPU
		{8C95E331-1030-4BF9-84FA-A9A8FB33AEE5}.Debug|Any CPU.ActiveCfg = Debug|Any CPU
		{8C95E331-1030-4BF9-84FA-A9A8FB33AEE5}.Debug|Any CPU.Build.0 = Debug|Any CPU
		{8C95E331-1030-4BF9-84FA-A9A8FB33AEE5}.Release|Any CPU.ActiveCfg = Release|Any CPU
		{8C95E331-1030-4BF9-84FA-A9A8FB33AEE5}.Release|Any CPU.Build.0 = Release|Any CPU
		{3419EA22-53B3-4E5A-9253-741620FF0EEA}.Debug|Any CPU.ActiveCfg = Debug|Any CPU
		{3419EA22-53B3-4E5A-9253-741620FF0EEA}.Debug|Any CPU.Build.0 = Debug|Any CPU
		{3419EA22-53B3-4E5A-9253-741620FF0EEA}.Release|Any CPU.ActiveCfg = Release|Any CPU
		{3419EA22-53B3-4E5A-9253-741620FF0EEA}.Release|Any CPU.Build.0 = Release|Any CPU
	EndGlobalSection
	GlobalSection(SolutionProperties) = preSolution
		HideSolutionNode = FALSE
	EndGlobalSection
	GlobalSection(ExtensibilityGlobals) = postSolution
		SolutionGuid = {3089640C-4690-4D96-A10C-D8F3C1C2AEB1}
	EndGlobalSection
EndGlobal
